
Microsoft Visual Studio Solution File, Format Version 12.00
# Visual Studio 2012
Project("{FAE04EC0-301F-11D3-BF4B-00C04F79EFBC}") = "Homes.WebAPI", "Rennish.WebAPI\Homes.WebAPI.csproj", "{87A58EE1-ABB8-40FA-BA5B-39A127C35687}"
EndProject
Project("{FAE04EC0-301F-11D3-BF4B-00C04F79EFBC}") = "Homes.TestHarness", "CarRentals.TestHarness\Homes.TestHarness.csproj", "{A26DF7CE-15FE-4EA8-A530-2AF1A8C5209B}"
EndProject
Project("{FAE04EC0-301F-11D3-BF4B-00C04F79EFBC}") = "Homes.Model", "Homes.Model\Homes.Model.csproj", "{3E801D80-F54D-45CF-A605-5804CBE02868}"
EndProject
Project("{FAE04EC0-301F-11D3-BF4B-00C04F79EFBC}") = "Homes.DataAccess", "Homes.DataAccess\Homes.DataAccess.csproj", "{1AA00C8C-37E7-4700-8F72-F9D60061ECC0}"
EndProject
Project("{FAE04EC0-301F-11D3-BF4B-00C04F79EFBC}") = "Homes.UnitTest", "Homes.UnitTest\Homes.UnitTest.csproj", "{C5E120E3-7CB8-4079-B2E0-D55F32D894B8}"
EndProject
Global
	GlobalSection(SolutionConfigurationPlatforms) = preSolution
		Debug|Any CPU = Debug|Any CPU
		Release|Any CPU = Release|Any CPU
	EndGlobalSection
	GlobalSection(ProjectConfigurationPlatforms) = postSolution
		{87A58EE1-ABB8-40FA-BA5B-39A127C35687}.Debug|Any CPU.ActiveCfg = Debug|Any CPU
		{87A58EE1-ABB8-40FA-BA5B-39A127C35687}.Debug|Any CPU.Build.0 = Debug|Any CPU
		{87A58EE1-ABB8-40FA-BA5B-39A127C35687}.Release|Any CPU.ActiveCfg = Release|Any CPU
		{87A58EE1-ABB8-40FA-BA5B-39A127C35687}.Release|Any CPU.Build.0 = Release|Any CPU
		{A26DF7CE-15FE-4EA8-A530-2AF1A8C5209B}.Debug|Any CPU.ActiveCfg = Debug|Any CPU
		{A26DF7CE-15FE-4EA8-A530-2AF1A8C5209B}.Debug|Any CPU.Build.0 = Debug|Any CPU
		{A26DF7CE-15FE-4EA8-A530-2AF1A8C5209B}.Release|Any CPU.ActiveCfg = Release|Any CPU
		{A26DF7CE-15FE-4EA8-A530-2AF1A8C5209B}.Release|Any CPU.Build.0 = Release|Any CPU
		{3E801D80-F54D-45CF-A605-5804CBE02868}.Debug|Any CPU.ActiveCfg = Debug|Any CPU
		{3E801D80-F54D-45CF-A605-5804CBE02868}.Debug|Any CPU.Build.0 = Debug|Any CPU
		{3E801D80-F54D-45CF-A605-5804CBE02868}.Release|Any CPU.ActiveCfg = Release|Any CPU
		{3E801D80-F54D-45CF-A605-5804CBE02868}.Release|Any CPU.Build.0 = Release|Any CPU
		{1AA00C8C-37E7-4700-8F72-F9D60061ECC0}.Debug|Any CPU.ActiveCfg = Debug|Any CPU
		{1AA00C8C-37E7-4700-8F72-F9D60061ECC0}.Debug|Any CPU.Build.0 = Debug|Any CPU
		{1AA00C8C-37E7-4700-8F72-F9D60061ECC0}.Release|Any CPU.ActiveCfg = Release|Any CPU
		{1AA00C8C-37E7-4700-8F72-F9D60061ECC0}.Release|Any CPU.Build.0 = Release|Any CPU
		{C5E120E3-7CB8-4079-B2E0-D55F32D894B8}.Debug|Any CPU.ActiveCfg = Debug|Any CPU
		{C5E120E3-7CB8-4079-B2E0-D55F32D894B8}.Debug|Any CPU.Build.0 = Debug|Any CPU
		{C5E120E3-7CB8-4079-B2E0-D55F32D894B8}.Release|Any CPU.ActiveCfg = Release|Any CPU
		{C5E120E3-7CB8-4079-B2E0-D55F32D894B8}.Release|Any CPU.Build.0 = Release|Any CPU
	EndGlobalSection
	GlobalSection(SolutionProperties) = preSolution
		HideSolutionNode = FALSE
	EndGlobalSection
EndGlobal
