
Microsoft Visual Studio Solution File, Format Version 12.00
# Visual Studio 2012
Project("{FAE04EC0-301F-11D3-BF4B-00C04F79EFBC}") = "Rennish.WebAPI", "Rennish.WebAPI\Rennish.WebAPI.csproj", "{87A58EE1-ABB8-40FA-BA5B-39A127C35687}"
EndProject
Project("{FAE04EC0-301F-11D3-BF4B-00C04F79EFBC}") = "CarRentals.TestHarness", "CarRentals.TestHarness\CarRentals.TestHarness.csproj", "{A26DF7CE-15FE-4EA8-A530-2AF1A8C5209B}"
EndProject
Global
	GlobalSection(SolutionConfigurationPlatforms) = preSolution
		Debug|Any CPU = Debug|Any CPU
		Release|Any CPU = Release|Any CPU
	EndGlobalSection
	GlobalSection(ProjectConfigurationPlatforms) = postSolution
		{87A58EE1-ABB8-40FA-BA5B-39A127C35687}.Debug|Any CPU.ActiveCfg = Debug|Any CPU
		{87A58EE1-ABB8-40FA-BA5B-39A127C35687}.Debug|Any CPU.Build.0 = Debug|Any CPU
		{87A58EE1-ABB8-40FA-BA5B-39A127C35687}.Release|Any CPU.ActiveCfg = Release|Any CPU
		{87A58EE1-ABB8-40FA-BA5B-39A127C35687}.Release|Any CPU.Build.0 = Release|Any CPU
		{A26DF7CE-15FE-4EA8-A530-2AF1A8C5209B}.Debug|Any CPU.ActiveCfg = Debug|Any CPU
		{A26DF7CE-15FE-4EA8-A530-2AF1A8C5209B}.Debug|Any CPU.Build.0 = Debug|Any CPU
		{A26DF7CE-15FE-4EA8-A530-2AF1A8C5209B}.Release|Any CPU.ActiveCfg = Release|Any CPU
		{A26DF7CE-15FE-4EA8-A530-2AF1A8C5209B}.Release|Any CPU.Build.0 = Release|Any CPU
	EndGlobalSection
	GlobalSection(SolutionProperties) = preSolution
		HideSolutionNode = FALSE
	EndGlobalSection
EndGlobal
